{
  "requires": true,
  "lockfileVersion": 1,
  "dependencies": {
    "vue-material-design-icons": {
      "version": "4.6.0",
      "resolved": "https://registry.npmjs.org/vue-material-design-icons/-/vue-material-design-icons-4.6.0.tgz",
      "integrity": "sha512-b0Js/C4WHFnpcuH8goxl0bM7mjuSNClAYvsijUwfMfWXjW663ZvcQj3Int5H9rgRwZjPXPTJVxbFn+4sWJKMVA=="
    }
  }
}
